
Microsoft Visual Studio Solution File, Format Version 12.00
# Visual Studio Version 17
VisualStudioVersion = 17.3.32825.248
MinimumVisualStudioVersion = 10.0.40219.1
Project("{FAE04EC0-301F-11D3-BF4B-00C04F79EFBC}") = "GymTracker.Domain", "GymTracker.Domain\GymTracker.Domain.csproj", "{274727F6-40F5-4657-B799-770863E9251E}"
EndProject
Project("{FAE04EC0-301F-11D3-BF4B-00C04F79EFBC}") = "GymTracker.Repository", "GymTracker.Repository\GymTracker.Repository.csproj", "{5DE0FD83-9E11-43AD-8B85-D154EC5D13D7}"
EndProject
Project("{FAE04EC0-301F-11D3-BF4B-00C04F79EFBC}") = "GymTracker.Functions", "GymTracker.Functions\GymTracker.Functions.csproj", "{9D3CB98C-8825-4670-A12B-9D590D5CF036}"
EndProject
Global
	GlobalSection(SolutionConfigurationPlatforms) = preSolution
		Debug|Any CPU = Debug|Any CPU
		Release|Any CPU = Release|Any CPU
	EndGlobalSection
	GlobalSection(ProjectConfigurationPlatforms) = postSolution
		{274727F6-40F5-4657-B799-770863E9251E}.Debug|Any CPU.ActiveCfg = Debug|Any CPU
		{274727F6-40F5-4657-B799-770863E9251E}.Debug|Any CPU.Build.0 = Debug|Any CPU
		{274727F6-40F5-4657-B799-770863E9251E}.Release|Any CPU.ActiveCfg = Release|Any CPU
		{274727F6-40F5-4657-B799-770863E9251E}.Release|Any CPU.Build.0 = Release|Any CPU
		{5DE0FD83-9E11-43AD-8B85-D154EC5D13D7}.Debug|Any CPU.ActiveCfg = Debug|Any CPU
		{5DE0FD83-9E11-43AD-8B85-D154EC5D13D7}.Debug|Any CPU.Build.0 = Debug|Any CPU
		{5DE0FD83-9E11-43AD-8B85-D154EC5D13D7}.Release|Any CPU.ActiveCfg = Release|Any CPU
		{5DE0FD83-9E11-43AD-8B85-D154EC5D13D7}.Release|Any CPU.Build.0 = Release|Any CPU
		{9D3CB98C-8825-4670-A12B-9D590D5CF036}.Debug|Any CPU.ActiveCfg = Debug|Any CPU
		{9D3CB98C-8825-4670-A12B-9D590D5CF036}.Debug|Any CPU.Build.0 = Debug|Any CPU
		{9D3CB98C-8825-4670-A12B-9D590D5CF036}.Release|Any CPU.ActiveCfg = Release|Any CPU
		{9D3CB98C-8825-4670-A12B-9D590D5CF036}.Release|Any CPU.Build.0 = Release|Any CPU
	EndGlobalSection
	GlobalSection(SolutionProperties) = preSolution
		HideSolutionNode = FALSE
	EndGlobalSection
	GlobalSection(ExtensibilityGlobals) = postSolution
		SolutionGuid = {D7602716-53FA-4C88-9D4C-F95C04C8C2FB}
	EndGlobalSection
EndGlobal
